
Microsoft Visual Studio Solution File, Format Version 12.00
# Visual Studio 14
VisualStudioVersion = 14.0.25420.1
MinimumVisualStudioVersion = 10.0.40219.1
Project("{FAE04EC0-301F-11D3-BF4B-00C04F79EFBC}") = "Pie", "Pie\Pie.csproj", "{E03EB6F9-BAFC-4DA3-8A44-AC2A59E28076}"
EndProject
Project("{FAE04EC0-301F-11D3-BF4B-00C04F79EFBC}") = "Pie.VisualStudio", "Pie.VisualStudio\Pie.VisualStudio.csproj", "{A43476EC-C33B-4AC6-885F-FBE20C5F8DF3}"
EndProject
Project("{FAE04EC0-301F-11D3-BF4B-00C04F79EFBC}") = "010.Irony.2012", "..\..\..\..\Downloads\Irony_2013_12_12\Irony\010.Irony.2012.csproj", "{D81F5C91-D7DB-46E5-BC99-49488FB6814C}"
EndProject
Global
	GlobalSection(SolutionConfigurationPlatforms) = preSolution
		Debug|Any CPU = Debug|Any CPU
		Release|Any CPU = Release|Any CPU
	EndGlobalSection
	GlobalSection(ProjectConfigurationPlatforms) = postSolution
		{E03EB6F9-BAFC-4DA3-8A44-AC2A59E28076}.Debug|Any CPU.ActiveCfg = Debug|Any CPU
		{E03EB6F9-BAFC-4DA3-8A44-AC2A59E28076}.Debug|Any CPU.Build.0 = Debug|Any CPU
		{E03EB6F9-BAFC-4DA3-8A44-AC2A59E28076}.Release|Any CPU.ActiveCfg = Release|Any CPU
		{E03EB6F9-BAFC-4DA3-8A44-AC2A59E28076}.Release|Any CPU.Build.0 = Release|Any CPU
		{A43476EC-C33B-4AC6-885F-FBE20C5F8DF3}.Debug|Any CPU.ActiveCfg = Debug|Any CPU
		{A43476EC-C33B-4AC6-885F-FBE20C5F8DF3}.Debug|Any CPU.Build.0 = Debug|Any CPU
		{A43476EC-C33B-4AC6-885F-FBE20C5F8DF3}.Release|Any CPU.ActiveCfg = Release|Any CPU
		{A43476EC-C33B-4AC6-885F-FBE20C5F8DF3}.Release|Any CPU.Build.0 = Release|Any CPU
		{D81F5C91-D7DB-46E5-BC99-49488FB6814C}.Debug|Any CPU.ActiveCfg = Debug|Any CPU
		{D81F5C91-D7DB-46E5-BC99-49488FB6814C}.Debug|Any CPU.Build.0 = Debug|Any CPU
		{D81F5C91-D7DB-46E5-BC99-49488FB6814C}.Release|Any CPU.ActiveCfg = Release|Any CPU
		{D81F5C91-D7DB-46E5-BC99-49488FB6814C}.Release|Any CPU.Build.0 = Release|Any CPU
	EndGlobalSection
	GlobalSection(SolutionProperties) = preSolution
		HideSolutionNode = FALSE
	EndGlobalSection
EndGlobal
